github.com/eehsiao/go-models v0.0.0-20190905100134-009d5a4adfda h1:rJewv4BkUETOm6pbPeXrOcRVIGNY5vtdx/8CSVRgufA=
github.com/eehsiao/go-models/lib v0.0.0-20190905100134-009d5a4adfda h1:+IU/cO2IYZ2vljxjdVI6CPVtllmxHN94mhTAzrdTusg=
github.com/eehsiao/go-models/lib v0.0.0-20190905100134-009d5a4adfda/go.mod h1:YxyK+B7g80bN/Ipl6XbtgrJxhg9yOdeGKIbULz3glfk=
github.com/go-sql-driver/mysql v1.4.1 h1:g24URVg0OFbNUTx9qqY1IRZ9D9z3iPyi5zKhQZpNwpA=
github.com/go-sql-driver/mysql v1.4.1/go.mod h1:zAC/RDZ24gD3HViQzih4MyKcchzm+sOG5ZlKdlhCg5w=
